# This file is autogenerated, do not edit; changes may be undone by the next 'dep ensure'.


[[projects]]
  digest = "1:7b98a2fdb5dcbb37d64ae8429f50e322c8aafa6c8a3028ccb08c4a191b179d9f"
  name = "github.com/google/gopacket"
  packages = [
    ".",
    "layers",
    "pcap",
    "tcpassembly",
    "tcpassembly/tcpreader",
  ]
  pruneopts = "UT"
  revision = "7f3fc6cbbb499248dca53da7fe3ed6c25a78d22f"
  version = "v1.1.16"

[solve-meta]
  analyzer-name = "dep"
  analyzer-version = 1
  input-imports = [
    "github.com/google/gopacket",
    "github.com/google/gopacket/layers",
    "github.com/google/gopacket/pcap",
    "github.com/google/gopacket/tcpassembly",
    "github.com/google/gopacket/tcpassembly/tcpreader",
  ]
  solver-name = "gps-cdcl"
  solver-version = 1
